#MicroXplorer Configuration settings - do not modify
Dma.Request0=SPI1_TX
Dma.RequestsNb=1
Dma.SPI1_TX.0.Direction=DMA_MEMORY_TO_PERIPH
Dma.SPI1_TX.0.FIFOMode=DMA_FIFOMODE_DISABLE
Dma.SPI1_TX.0.Instance=DMA2_Stream5
Dma.SPI1_TX.0.MemDataAlignment=DMA_MDATAALIGN_HALFWORD
Dma.SPI1_TX.0.MemInc=DMA_MINC_ENABLE
Dma.SPI1_TX.0.Mode=DMA_NORMAL
Dma.SPI1_TX.0.PeriphDataAlignment=DMA_PDATAALIGN_HALFWORD
Dma.SPI1_TX.0.PeriphInc=DMA_PINC_DISABLE
Dma.SPI1_TX.0.Priority=DMA_PRIORITY_VERY_HIGH
Dma.SPI1_TX.0.RequestParameters=Instance,Direction,PeriphInc,MemInc,PeriphDataAlignment,MemDataAlignment,Mode,Priority,FIFOMode
FREERTOS.FootprintOK=true
FREERTOS.IPParameters=Tasks01,FootprintOK,Queues01,configUSE_NEWLIB_REENTRANT
FREERTOS.Queues01=displayQueue,16,uint32_t,0,Dynamic,NULL,NULL
FREERTOS.Tasks01=idleTask,24,128,idleTaskEntry,Default,NULL,Dynamic,NULL,NULL;buttonTask,24,512,buttonTaskEntry,As external,NULL,Dynamic,NULL,NULL;fanTask,24,512,fanTaskEntry,As external,NULL,Dynamic,NULL,NULL;displayTask,24,512,displayTaskEntry,As external,NULL,Dynamic,NULL,NULL;touchTask,24,128,touchTaskEntry,As external,NULL,Dynamic,NULL,NULL;dspTask,24,128,dspTaskEntry,As external,NULL,Dynamic,NULL,NULL;sensorATask,24,128,sensorATaskEntry,As external,NULL,Dynamic,NULL,NULL
FREERTOS.configUSE_NEWLIB_REENTRANT=1
File.Version=6
GPIO.groupedBy=Group By Peripherals
I2C1.ClockSpeed=10000
I2C1.IPParameters=ClockSpeed
KeepUserPlacement=false
Mcu.Family=STM32F4
Mcu.IP0=DMA
Mcu.IP1=FREERTOS
Mcu.IP10=TIM3
Mcu.IP11=TIM4
Mcu.IP12=TIM5
Mcu.IP2=I2C1
Mcu.IP3=NVIC
Mcu.IP4=RCC
Mcu.IP5=RTC
Mcu.IP6=SPI1
Mcu.IP7=SPI3
Mcu.IP8=SYS
Mcu.IP9=TIM1
Mcu.IPNb=13
Mcu.Name=STM32F407V(E-G)Tx
Mcu.Package=LQFP100
Mcu.Pin0=PE2
Mcu.Pin1=PE3
Mcu.Pin10=PA5
Mcu.Pin11=PC4
Mcu.Pin12=PB0
Mcu.Pin13=PE7
Mcu.Pin14=PE9
Mcu.Pin15=PE11
Mcu.Pin16=PB10
Mcu.Pin17=PB11
Mcu.Pin18=PD11
Mcu.Pin19=PD12
Mcu.Pin2=PE4
Mcu.Pin20=PD13
Mcu.Pin21=PD14
Mcu.Pin22=PC6
Mcu.Pin23=PC7
Mcu.Pin24=PA13
Mcu.Pin25=PA14
Mcu.Pin26=PA15
Mcu.Pin27=PC10
Mcu.Pin28=PC11
Mcu.Pin29=PC12
Mcu.Pin3=PE5
Mcu.Pin30=PD0
Mcu.Pin31=PD3
Mcu.Pin32=PD6
Mcu.Pin33=PD7
Mcu.Pin34=PB3
Mcu.Pin35=PB4
Mcu.Pin36=PB5
Mcu.Pin37=PB6
Mcu.Pin38=PB7
Mcu.Pin39=PB8
Mcu.Pin4=PE6
Mcu.Pin40=PB9
Mcu.Pin41=PE0
Mcu.Pin42=PE1
Mcu.Pin43=VP_FREERTOS_VS_CMSIS_V2
Mcu.Pin44=VP_RTC_VS_RTC_Activate
Mcu.Pin45=VP_SYS_VS_tim10
Mcu.Pin46=VP_TIM1_VS_ClockSourceINT
Mcu.Pin47=VP_TIM4_VS_ClockSourceINT
Mcu.Pin48=VP_TIM5_VS_ClockSourceINT
Mcu.Pin5=PH0-OSC_IN
Mcu.Pin6=PH1-OSC_OUT
Mcu.Pin7=PC2
Mcu.Pin8=PC3
Mcu.Pin9=PA4
Mcu.PinsNb=49
Mcu.ThirdPartyNb=0
Mcu.UserConstants=
Mcu.UserName=STM32F407VETx
MxCube.Version=6.3.0
MxDb.Version=DB.6.0.30
NVIC.BusFault_IRQn=true\:0\:0\:false\:false\:true\:false\:false\:false
NVIC.DMA2_Stream5_IRQn=true\:5\:0\:false\:false\:true\:false\:false\:true
NVIC.DebugMonitor_IRQn=true\:0\:0\:false\:false\:true\:false\:false\:false
NVIC.EXTI9_5_IRQn=true\:5\:0\:false\:false\:true\:true\:true\:true
NVIC.ForceEnableDMAVector=true
NVIC.HardFault_IRQn=true\:0\:0\:false\:false\:true\:false\:false\:false
NVIC.MemoryManagement_IRQn=true\:0\:0\:false\:false\:true\:false\:false\:false
NVIC.NonMaskableInt_IRQn=true\:0\:0\:false\:false\:true\:false\:false\:false
NVIC.PendSV_IRQn=true\:15\:0\:false\:false\:false\:true\:false\:false
NVIC.PriorityGroup=NVIC_PRIORITYGROUP_4
NVIC.SVCall_IRQn=true\:0\:0\:false\:false\:false\:false\:false\:false
NVIC.SavedPendsvIrqHandlerGenerated=true
NVIC.SavedSvcallIrqHandlerGenerated=true
NVIC.SavedSystickIrqHandlerGenerated=true
NVIC.SysTick_IRQn=true\:15\:0\:false\:false\:false\:true\:false\:true
NVIC.TIM1_BRK_TIM9_IRQn=true\:5\:0\:false\:false\:true\:false\:false\:true
NVIC.TIM1_UP_TIM10_IRQn=true\:0\:0\:false\:false\:true\:false\:true\:true
NVIC.TimeBase=TIM1_UP_TIM10_IRQn
NVIC.TimeBaseIP=TIM10
NVIC.UsageFault_IRQn=true\:0\:0\:false\:false\:true\:false\:false\:false
PA13.Mode=Trace_Synchro_2bits_SW
PA13.Signal=SYS_JTMS-SWDIO
PA14.Mode=Trace_Synchro_2bits_SW
PA14.Signal=SYS_JTCK-SWCLK
PA15.GPIOParameters=GPIO_PuPd,GPIO_Label
PA15.GPIO_Label=TOUCH_nCS
PA15.GPIO_PuPd=GPIO_PULLUP
PA15.Mode=NSS_Signal_Hard_Output
PA15.Signal=SPI3_NSS
PA4.GPIOParameters=GPIO_Speed,PinState,GPIO_PuPd,GPIO_Label
PA4.GPIO_Label=LCD_CS
PA4.GPIO_PuPd=GPIO_PULLUP
PA4.GPIO_Speed=GPIO_SPEED_FREQ_VERY_HIGH
PA4.Locked=true
PA4.PinState=GPIO_PIN_SET
PA4.Signal=GPIO_Output
PA5.GPIOParameters=GPIO_PuPd,GPIO_Label
PA5.GPIO_Label=AC_CTRL
PA5.GPIO_PuPd=GPIO_PULLDOWN
PA5.Locked=true
PA5.Signal=GPIO_Output
PB0.GPIOParameters=GPIO_Label
PB0.GPIO_Label=LED
PB0.Locked=true
PB0.Signal=GPIO_Output
PB10.GPIOParameters=GPIO_Speed
PB10.GPIO_Speed=GPIO_SPEED_FREQ_VERY_HIGH
PB10.Locked=true
PB10.Signal=GPIO_Output
PB11.GPIOParameters=GPIO_Speed
PB11.GPIO_Speed=GPIO_SPEED_FREQ_VERY_HIGH
PB11.Locked=true
PB11.Signal=GPIO_Output
PB3.GPIOParameters=GPIO_Speed,GPIO_PuPd,GPIO_Mode
PB3.GPIO_Mode=GPIO_MODE_AF_PP
PB3.GPIO_PuPd=GPIO_PULLUP
PB3.GPIO_Speed=GPIO_SPEED_FREQ_VERY_HIGH
PB3.Locked=true
PB3.Mode=Full_Duplex_Master
PB3.Signal=SPI1_SCK
PB4.GPIOParameters=GPIO_Speed,GPIO_PuPd,GPIO_Mode
PB4.GPIO_Mode=GPIO_MODE_AF_PP
PB4.GPIO_PuPd=GPIO_PULLUP
PB4.GPIO_Speed=GPIO_SPEED_FREQ_VERY_HIGH
PB4.Locked=true
PB4.Mode=Full_Duplex_Master
PB4.Signal=SPI1_MISO
PB5.GPIOParameters=GPIO_Speed,GPIO_PuPd,GPIO_Mode
PB5.GPIO_Mode=GPIO_MODE_AF_PP
PB5.GPIO_PuPd=GPIO_PULLUP
PB5.GPIO_Speed=GPIO_SPEED_FREQ_VERY_HIGH
PB5.Locked=true
PB5.Mode=Full_Duplex_Master
PB5.Signal=SPI1_MOSI
PB6.GPIOParameters=GPIO_Pu
PB6.GPIO_Pu=GPIO_PULLUP
PB6.Mode=I2C
PB6.Signal=I2C1_SCL
PB7.GPIOParameters=GPIO_Pu
PB7.GPIO_Pu=GPIO_PULLUP
PB7.Mode=I2C
PB7.Signal=I2C1_SDA
PB8.GPIOParameters=GPIO_Label
PB8.GPIO_Label=CH1_OUT
PB8.Locked=true
PB8.Signal=GPIO_Output
PB9.GPIOParameters=GPIO_Label
PB9.GPIO_Label=CH2_OUT
PB9.Locked=true
PB9.Signal=GPIO_Output
PC10.GPIOParameters=GPIO_PuPd,GPIO_Label
PC10.GPIO_Label=TOUCH_SCK
PC10.GPIO_PuPd=GPIO_PULLUP
PC10.Mode=Full_Duplex_Master
PC10.Signal=SPI3_SCK
PC11.GPIOParameters=GPIO_PuPd,GPIO_Label
PC11.GPIO_Label=TOUCH_MISO
PC11.GPIO_PuPd=GPIO_PULLUP
PC11.Mode=Full_Duplex_Master
PC11.Signal=SPI3_MISO
PC12.GPIOParameters=GPIO_PuPd,GPIO_Label
PC12.GPIO_Label=TOUCH_MOSI
PC12.GPIO_PuPd=GPIO_PULLUP
PC12.Locked=true
PC12.Mode=Full_Duplex_Master
PC12.Signal=SPI3_MOSI
PC2.GPIOParameters=GPIO_Label
PC2.GPIO_Label=CH5
PC2.Locked=true
PC2.Signal=ADCx_IN12
PC3.GPIOParameters=GPIO_Label
PC3.GPIO_Label=CH6
PC3.Locked=true
PC3.Signal=ADCx_IN13
PC4.GPIOParameters=GPIO_PuPd,GPIO_Label
PC4.GPIO_Label=AC_RES
PC4.GPIO_PuPd=GPIO_PULLDOWN
PC4.Locked=true
PC4.Signal=GPIO_Output
PC6.GPIOParameters=GPIO_Label
PC6.GPIO_Label=BUT_LED
PC6.Signal=S_TIM3_CH1
PC7.GPIOParameters=GPIO_Label
PC7.GPIO_Label=LCD_BL
PC7.Signal=S_TIM3_CH2
PD0.GPIOParameters=GPIO_PuPd,GPIO_Label
PD0.GPIO_Label=TOUCH_IRQ
PD0.GPIO_PuPd=GPIO_PULLUP
PD0.Locked=true
PD0.Signal=GPXTI0
PD11.GPIOParameters=GPIO_Label
PD11.GPIO_Label=TS2
PD11.Locked=true
PD11.Signal=GPIO_Input
PD12.GPIOParameters=GPIO_Label
PD12.GPIO_Label=FAN1_IN
PD12.Signal=S_TIM4_CH1
PD13.GPIOParameters=GPIO_Label
PD13.GPIO_Label=TS1
PD13.Locked=true
PD13.Signal=GPIO_Input
PD14.GPIOParameters=GPIO_Label
PD14.GPIO_Label=FAN2_IN
PD14.Signal=S_TIM4_CH3
PD3.GPIOParameters=GPIO_PuPd,GPIO_Label
PD3.GPIO_Label=PON
PD3.GPIO_PuPd=GPIO_PULLUP
PD3.Locked=true
PD3.Signal=GPIO_Input
PD6.GPIOParameters=PinState,GPIO_PuPd,GPIO_Label
PD6.GPIO_Label=LCD_RST
PD6.GPIO_PuPd=GPIO_PULLUP
PD6.Locked=true
PD6.PinState=GPIO_PIN_SET
PD6.Signal=GPIO_Output
PD7.GPIOParameters=GPIO_Speed,PinState,GPIO_PuPd,GPIO_Label,GPIO_ModeDefaultOutputPP
PD7.GPIO_Label=LCD_DC
PD7.GPIO_ModeDefaultOutputPP=GPIO_MODE_OUTPUT_PP
PD7.GPIO_PuPd=GPIO_PULLUP
PD7.GPIO_Speed=GPIO_SPEED_FREQ_VERY_HIGH
PD7.Locked=true
PD7.PinState=GPIO_PIN_SET
PD7.Signal=GPIO_Output
PE0.GPIOParameters=GPIO_Label
PE0.GPIO_Label=CH3_OUT
PE0.Locked=true
PE0.Signal=GPIO_Output
PE1.GPIOParameters=GPIO_Label
PE1.GPIO_Label=CH4_OUT
PE1.Locked=true
PE1.Signal=GPIO_Output
PE11.GPIOParameters=GPIO_Label
PE11.GPIO_Label=FAN2_CTRL
PE11.Signal=S_TIM1_CH2
PE2.Mode=Trace_Synchro_2bits_SW
PE2.Signal=SYS_TRACECLK
PE3.Mode=Trace_Synchro_2bits_SW
PE3.Signal=SYS_TRACED0
PE4.Locked=true
PE4.Mode=Trace_Synchro_2bits_SW
PE4.Signal=SYS_TRACED1
PE5.GPIOParameters=GPIO_Label
PE5.GPIO_Label=CH5_OUT
PE5.Locked=true
PE5.Signal=GPIO_Output
PE6.GPIOParameters=GPIO_Label
PE6.GPIO_Label=CH6_OUT
PE6.Locked=true
PE6.Signal=GPIO_Output
PE7.GPIOParameters=GPIO_PuPd,GPIO_Label
PE7.GPIO_Label=AC_IN
PE7.GPIO_PuPd=GPIO_PULLUP
PE7.Locked=true
PE7.Signal=GPXTI7
PE9.GPIOParameters=GPIO_Label
PE9.GPIO_Label=FAN1_CTRL
PE9.Signal=S_TIM1_CH1
PH0-OSC_IN.Mode=HSE-External-Oscillator
PH0-OSC_IN.Signal=RCC_OSC_IN
PH1-OSC_OUT.Mode=HSE-External-Oscillator
PH1-OSC_OUT.Signal=RCC_OSC_OUT
PinOutPanel.RotationAngle=0
ProjectManager.AskForMigrate=true
ProjectManager.BackupPrevious=false
ProjectManager.CompilerOptimize=6
ProjectManager.ComputerToolchain=false
ProjectManager.CoupleFile=false
ProjectManager.CustomerFirmwarePackage=
ProjectManager.DefaultFWLocation=true
ProjectManager.DeletePrevious=true
ProjectManager.DeviceId=STM32F407VETx
ProjectManager.FirmwarePackage=STM32Cube FW_F4 V1.26.2
ProjectManager.FreePins=false
ProjectManager.HalAssertFull=false
ProjectManager.HeapSize=0x200
ProjectManager.KeepUserCode=true
ProjectManager.LastFirmware=true
ProjectManager.LibraryCopy=1
ProjectManager.MainLocation=Core/Src
ProjectManager.NoMain=false
ProjectManager.PreviousToolchain=STM32CubeIDE
ProjectManager.ProjectBuild=false
ProjectManager.ProjectFileName=Amplifier.ioc
ProjectManager.ProjectName=Amplifier
ProjectManager.RegisterCallBack=
ProjectManager.StackSize=0x400
ProjectManager.TargetToolchain=STM32CubeIDE
ProjectManager.ToolChainLocation=
ProjectManager.UnderRoot=true
ProjectManager.functionlistsort=1-MX_GPIO_Init-GPIO-false-HAL-true,2-MX_DMA_Init-DMA-false-HAL-true,3-SystemClock_Config-RCC-false-HAL-false,4-MX_RTC_Init-RTC-false-HAL-true,5-MX_SPI1_Init-SPI1-false-HAL-true,6-MX_SPI3_Init-SPI3-false-HAL-true,7-MX_TIM1_Init-TIM1-false-HAL-true,8-MX_TIM3_Init-TIM3-false-HAL-true,9-MX_TIM4_Init-TIM4-false-HAL-true,10-MX_TIM5_Init-TIM5-false-HAL-true,11-MX_I2C1_Init-I2C1-false-HAL-true
RCC.48MHZClocksFreq_Value=48000000
RCC.AHBFreq_Value=168000000
RCC.APB1CLKDivider=RCC_HCLK_DIV4
RCC.APB1Freq_Value=42000000
RCC.APB1TimFreq_Value=84000000
RCC.APB2CLKDivider=RCC_HCLK_DIV2
RCC.APB2Freq_Value=84000000
RCC.APB2TimFreq_Value=168000000
RCC.CortexFreq_Value=168000000
RCC.EthernetFreq_Value=168000000
RCC.FCLKCortexFreq_Value=168000000
RCC.FamilyName=M
RCC.HCLKFreq_Value=168000000
RCC.HSE_VALUE=12000000
RCC.HSICalibrationValue=8
RCC.HSI_VALUE=16000000
RCC.I2SClocksFreq_Value=192000000
RCC.IPParameters=48MHZClocksFreq_Value,AHBFreq_Value,APB1CLKDivider,APB1Freq_Value,APB1TimFreq_Value,APB2CLKDivider,APB2Freq_Value,APB2TimFreq_Value,CortexFreq_Value,EthernetFreq_Value,FCLKCortexFreq_Value,FamilyName,HCLKFreq_Value,HSE_VALUE,HSICalibrationValue,HSI_VALUE,I2SClocksFreq_Value,LSE_VALUE,LSI_VALUE,MCO2PinFreq_Value,PLLCLKFreq_Value,PLLM,PLLN,PLLQ,PLLQCLKFreq_Value,PLLSourceVirtual,RTCFreq_Value,RTCHSEDivFreq_Value,SYSCLKFreq_VALUE,SYSCLKSource,VCOI2SOutputFreq_Value,VCOInputFreq_Value,VCOOutputFreq_Value,VcooutputI2S
RCC.LSE_VALUE=32768
RCC.LSI_VALUE=32000
RCC.MCO2PinFreq_Value=168000000
RCC.PLLCLKFreq_Value=168000000
RCC.PLLM=6
RCC.PLLN=168
RCC.PLLQ=7
RCC.PLLQCLKFreq_Value=48000000
RCC.PLLSourceVirtual=RCC_PLLSOURCE_HSE
RCC.RTCFreq_Value=32000
RCC.RTCHSEDivFreq_Value=6000000
RCC.SYSCLKFreq_VALUE=168000000
RCC.SYSCLKSource=RCC_SYSCLKSOURCE_PLLCLK
RCC.VCOI2SOutputFreq_Value=384000000
RCC.VCOInputFreq_Value=2000000
RCC.VCOOutputFreq_Value=336000000
RCC.VcooutputI2S=192000000
SH.ADCx_IN12.0=ADC3_IN12
SH.ADCx_IN12.ConfNb=1
SH.ADCx_IN13.0=ADC3_IN13
SH.ADCx_IN13.ConfNb=1
SH.GPXTI0.0=GPIO_EXTI0
SH.GPXTI0.ConfNb=1
SH.GPXTI7.0=GPIO_EXTI7
SH.GPXTI7.ConfNb=1
SH.S_TIM1_CH1.0=TIM1_CH1,PWM Generation1 CH1
SH.S_TIM1_CH1.ConfNb=1
SH.S_TIM1_CH2.0=TIM1_CH2,PWM Generation2 CH2
SH.S_TIM1_CH2.ConfNb=1
SH.S_TIM3_CH1.0=TIM3_CH1,PWM Generation1 CH1
SH.S_TIM3_CH1.ConfNb=1
SH.S_TIM3_CH2.0=TIM3_CH2,PWM Generation2 CH2
SH.S_TIM3_CH2.ConfNb=1
SH.S_TIM4_CH1.0=TIM4_CH1,Input_Capture1_from_TI1
SH.S_TIM4_CH1.ConfNb=1
SH.S_TIM4_CH3.0=TIM4_CH3,Input_Capture3_from_TI3
SH.S_TIM4_CH3.ConfNb=1
SPI1.BaudRatePrescaler=SPI_BAUDRATEPRESCALER_16
SPI1.CLKPhase=SPI_PHASE_1EDGE
SPI1.CLKPolarity=SPI_POLARITY_LOW
SPI1.CalculateBaudRate=5.25 MBits/s
SPI1.DataSize=SPI_DATASIZE_8BIT
SPI1.Direction=SPI_DIRECTION_2LINES
SPI1.IPParameters=VirtualType,Mode,Direction,BaudRatePrescaler,CalculateBaudRate,CLKPolarity,CLKPhase,DataSize
SPI1.Mode=SPI_MODE_MASTER
SPI1.VirtualType=VM_MASTER
SPI3.BaudRatePrescaler=SPI_BAUDRATEPRESCALER_128
SPI3.CalculateBaudRate=328.125 KBits/s
SPI3.Direction=SPI_DIRECTION_2LINES
SPI3.IPParameters=VirtualType,Mode,Direction,CalculateBaudRate,BaudRatePrescaler,VirtualNSS
SPI3.Mode=SPI_MODE_MASTER
SPI3.VirtualNSS=VM_NSSHARD
SPI3.VirtualType=VM_MASTER
TIM1.AutoReloadPreload=TIM_AUTORELOAD_PRELOAD_ENABLE
TIM1.Channel-PWM\ Generation1\ CH1=TIM_CHANNEL_1
TIM1.Channel-PWM\ Generation2\ CH2=TIM_CHANNEL_2
TIM1.ClockDivision=TIM_CLOCKDIVISION_DIV4
TIM1.IPParameters=Channel-PWM Generation1 CH1,Channel-PWM Generation2 CH2,Period,ClockDivision,AutoReloadPreload
TIM1.Period=6700
TIM3.Channel-PWM\ Generation1\ CH1=TIM_CHANNEL_1
TIM3.Channel-PWM\ Generation2\ CH2=TIM_CHANNEL_2
TIM3.IPParameters=Channel-PWM Generation1 CH1,Channel-PWM Generation2 CH2
TIM4.Channel-Input_Capture1_from_TI1=TIM_CHANNEL_1
TIM4.Channel-Input_Capture3_from_TI3=TIM_CHANNEL_3
TIM4.IPParameters=Channel-Input_Capture1_from_TI1,Channel-Input_Capture3_from_TI3
TIM5.AutoReloadPreload=TIM_AUTORELOAD_PRELOAD_DISABLE
TIM5.IPParameters=Prescaler,Period,AutoReloadPreload
TIM5.Period=0xFFFFFFFE
TIM5.Prescaler=84-1
VP_FREERTOS_VS_CMSIS_V2.Mode=CMSIS_V2
VP_FREERTOS_VS_CMSIS_V2.Signal=FREERTOS_VS_CMSIS_V2
VP_RTC_VS_RTC_Activate.Mode=RTC_Enabled
VP_RTC_VS_RTC_Activate.Signal=RTC_VS_RTC_Activate
VP_SYS_VS_tim10.Mode=TIM10
VP_SYS_VS_tim10.Signal=SYS_VS_tim10
VP_TIM1_VS_ClockSourceINT.Mode=Internal
VP_TIM1_VS_ClockSourceINT.Signal=TIM1_VS_ClockSourceINT
VP_TIM4_VS_ClockSourceINT.Mode=Internal
VP_TIM4_VS_ClockSourceINT.Signal=TIM4_VS_ClockSourceINT
VP_TIM5_VS_ClockSourceINT.Mode=Internal
VP_TIM5_VS_ClockSourceINT.Signal=TIM5_VS_ClockSourceINT
board=custom
isbadioc=false
